
Microsoft Visual Studio Solution File, Format Version 12.00
# Visual Studio Version 17
VisualStudioVersion = 17.9.34607.119
MinimumVisualStudioVersion = 10.0.40219.1
Project("{FAE04EC0-301F-11D3-BF4B-00C04F79EFBC}") = "ProgramasP1progra", "ProgramasP1progra\ProgramasP1progra.csproj", "{6FDB2A1D-3F9F-428E-A034-005E8CDC65E3}"
EndProject
Global
	GlobalSection(SolutionConfigurationPlatforms) = preSolution
		Debug|Any CPU = Debug|Any CPU
		Release|Any CPU = Release|Any CPU
	EndGlobalSection
	GlobalSection(ProjectConfigurationPlatforms) = postSolution
		{6FDB2A1D-3F9F-428E-A034-005E8CDC65E3}.Debug|Any CPU.ActiveCfg = Debug|Any CPU
		{6FDB2A1D-3F9F-428E-A034-005E8CDC65E3}.Debug|Any CPU.Build.0 = Debug|Any CPU
		{6FDB2A1D-3F9F-428E-A034-005E8CDC65E3}.Release|Any CPU.ActiveCfg = Release|Any CPU
		{6FDB2A1D-3F9F-428E-A034-005E8CDC65E3}.Release|Any CPU.Build.0 = Release|Any CPU
	EndGlobalSection
	GlobalSection(SolutionProperties) = preSolution
		HideSolutionNode = FALSE
	EndGlobalSection
	GlobalSection(ExtensibilityGlobals) = postSolution
		SolutionGuid = {D716FF39-8BD0-4C77-8DB7-185B9AA0D45F}
	EndGlobalSection
EndGlobal
